
Microsoft Visual Studio Solution File, Format Version 12.00
# Visual Studio Version 16
VisualStudioVersion = 16.0.31702.278
MinimumVisualStudioVersion = 10.0.40219.1
Project("{FAE04EC0-301F-11D3-BF4B-00C04F79EFBC}") = "practise3", "practise3\practise3.csproj", "{9F197CA9-7A2D-4798-A79C-8EFD014AC6B2}"
EndProject
Global
	GlobalSection(SolutionConfigurationPlatforms) = preSolution
		Debug|Any CPU = Debug|Any CPU
		Release|Any CPU = Release|Any CPU
	EndGlobalSection
	GlobalSection(ProjectConfigurationPlatforms) = postSolution
		{9F197CA9-7A2D-4798-A79C-8EFD014AC6B2}.Debug|Any CPU.ActiveCfg = Debug|Any CPU
		{9F197CA9-7A2D-4798-A79C-8EFD014AC6B2}.Debug|Any CPU.Build.0 = Debug|Any CPU
		{9F197CA9-7A2D-4798-A79C-8EFD014AC6B2}.Release|Any CPU.ActiveCfg = Release|Any CPU
		{9F197CA9-7A2D-4798-A79C-8EFD014AC6B2}.Release|Any CPU.Build.0 = Release|Any CPU
	EndGlobalSection
	GlobalSection(SolutionProperties) = preSolution
		HideSolutionNode = FALSE
	EndGlobalSection
	GlobalSection(ExtensibilityGlobals) = postSolution
		SolutionGuid = {AA59687F-4CD6-43C5-8CED-CB6098F13F19}
	EndGlobalSection
EndGlobal
